
Microsoft Visual Studio Solution File, Format Version 12.00
# Visual Studio Version 16
VisualStudioVersion = 16.0.31205.134
MinimumVisualStudioVersion = 10.0.40219.1
Project("{FAE04EC0-301F-11D3-BF4B-00C04F79EFBC}") = "Exercicio12Exceções", "Exercicio12Exceções\Exercicio12Exceções.csproj", "{94F56882-8048-498C-A696-8ABA599F9254}"
EndProject
Global
	GlobalSection(SolutionConfigurationPlatforms) = preSolution
		Debug|Any CPU = Debug|Any CPU
		Release|Any CPU = Release|Any CPU
	EndGlobalSection
	GlobalSection(ProjectConfigurationPlatforms) = postSolution
		{94F56882-8048-498C-A696-8ABA599F9254}.Debug|Any CPU.ActiveCfg = Debug|Any CPU
		{94F56882-8048-498C-A696-8ABA599F9254}.Debug|Any CPU.Build.0 = Debug|Any CPU
		{94F56882-8048-498C-A696-8ABA599F9254}.Release|Any CPU.ActiveCfg = Release|Any CPU
		{94F56882-8048-498C-A696-8ABA599F9254}.Release|Any CPU.Build.0 = Release|Any CPU
	EndGlobalSection
	GlobalSection(SolutionProperties) = preSolution
		HideSolutionNode = FALSE
	EndGlobalSection
	GlobalSection(ExtensibilityGlobals) = postSolution
		SolutionGuid = {51EBDD09-7460-47EC-A98F-4656474CFCD1}
	EndGlobalSection
EndGlobal
